{
  "name": "js-services",
  "lockfileVersion": 3,
  "requires": true,
  "packages": {
    "": {
      "dependencies": {
        "@bem-react/classname": "^1.6.0",
        "bem": "^2.0.0"
      }
    },
    "node_modules/@bem-react/classname": {
      "version": "1.6.0",
      "resolved": "https://registry.npmjs.org/@bem-react/classname/-/classname-1.6.0.tgz",
      "integrity": "sha512-SFBwUHMcb7TFFK5ld88+JhecoEun3/kHZ6KvLDjj3w5hv/tfRV8mtGHA8N42uMctXLF4bPEcr96xwXXcRFuweg=="
    },
    "node_modules/balanced-match": {
      "version": "1.0.2",
      "resolved": "https://registry.npmjs.org/balanced-match/-/balanced-match-1.0.2.tgz",
      "integrity": "sha512-3oSeUO0TMV67hN1AmbXsK4yaqU7tjiHlbxRDZOpH0KW9+CeX4bRAaX0Anxt0tx2MrpRpWwQaPwIlISEJhYU5Pw=="
    },
    "node_modules/bem": {
      "version": "2.0.0",
      "resolved": "https://registry.npmjs.org/bem/-/bem-2.0.0.tgz",
      "integrity": "sha512-0e8UIy5NNpAC7tSa9EbFM/jj5HyeL+gfyIIaXmqwaummmVUrH/l5/PPcfAs9wWOAcVXsEa6OtoFnoU7TQ1i1Tw==",
      "dependencies": {
        "bem-tools-core": "^0.0.3",
        "bem-tools-create": "^1.1.0"
      },
      "bin": {
        "bem": "bin/bem"
      },
      "engines": {
        "node": ">=4"
      }
    },
    "node_modules/bem-config": {
      "version": "3.2.3",
      "resolved": "https://registry.npmjs.org/bem-config/-/bem-config-3.2.3.tgz",
      "integrity": "sha512-JVnEzLzlrqj9Pv8pfsK11WqxwT4BwPpg7t2aPZ0yVOo2jOZJ3S8xSRG//3pQ72H9jZ4wpSF3WhM630Xb8AdhWA==",
      "dependencies": {
        "betterc": "^1.3.0",
        "es6-object-assign": "^1.0.2",
        "glob": "^7.0.5",
        "is-glob": "^3.1.0",
        "jsonpath": "^0.2.6",
        "lodash": "^4.13.1",
        "minimist": "^1.2.0",
        "node-eval": "^1.0.2",
        "os-homedir": "^1.0.1",
        "pinkie-promise": "^2.0.1"
      }
    },
    "node_modules/bem-fs-scheme": {
      "version": "1.0.0",
      "resolved": "https://registry.npmjs.org/bem-fs-scheme/-/bem-fs-scheme-1.0.0.tgz",
      "integrity": "sha512-i2NB6wZ1Rfc7TsZmSQE8bPp7ZuvgDpmT8CPltwjoZLb9gpJFqkDmsTno8WudUYdnLDsLPcfWQup4Z0AORtYxTg==",
      "deprecated": "Use @bem/fs-scheme instead",
      "dependencies": {
        "bem-naming": "^1.0.1"
      }
    },
    "node_modules/bem-naming": {
      "version": "1.0.1",
      "resolved": "https://registry.npmjs.org/bem-naming/-/bem-naming-1.0.1.tgz",
      "integrity": "sha512-tvBe/hfI5EkdmQvKIspDbzbAH0Z3tiUu1KMRu5KL2ZhNWxcZ0s55et/d7855dNYxr3SI1tHBzsiFLbgEMyjPig==",
      "engines": {
        "node": ">= 4.0"
      }
    },
    "node_modules/bem-tools-core": {
      "version": "0.0.3",
      "resolved": "https://registry.npmjs.org/bem-tools-core/-/bem-tools-core-0.0.3.tgz",
      "integrity": "sha512-ogVtUzkhpJmiUaq5y682KUTbKFHpKxpH5oN6OjBrr8c82N0+HEUJgrNcGrMBAKqnwCZRdojVMoAxnBhRWHxvnA==",
      "dependencies": {
        "coa": "^1.0.1",
        "global-modules": "^0.2.0"
      },
      "bin": {
        "bem": "bin/bem"
      }
    },
    "node_modules/bem-tools-create": {
      "version": "1.1.0",
      "resolved": "https://registry.npmjs.org/bem-tools-create/-/bem-tools-create-1.1.0.tgz",
      "integrity": "sha512-xXspkg0rZkQ451NnldVD/aPWG35wdZA87QM8ICPYHvn2/mLi4VI5DVMNqwelHSsmJOC9aycj/UkiZM9u1vbGrg==",
      "dependencies": {
        "bem-config": "^3.1.0",
        "bem-fs-scheme": "^1.0.0",
        "bem-naming": "^1.0.1",
        "brace-expansion": "^1.1.6",
        "mkdirp": "^0.5.1",
        "pinkie-promise": "^2.0.1",
        "uniq": "^1.0.1"
      }
    },
    "node_modules/betterc": {
      "version": "1.3.0",
      "resolved": "https://registry.npmjs.org/betterc/-/betterc-1.3.0.tgz",
      "integrity": "sha512-8pdKzVTrPxhzRYyBKf0ArQXhGmSNUzYMHcfauXq7xf/gL5tAYXPJkNFUvL/wT2pIl++sfzsyPyZtLqdJe9G3PA==",
      "dependencies": {
        "lodash": "^4.13.1",
        "minimist": "^1.2.0",
        "node-eval": "^1.0.2",
        "os-homedir": "^1.0.1",
        "pinkie-promise": "^2.0.1"
      }
    },
    "node_modules/brace-expansion": {
      "version": "1.1.11",
      "resolved": "https://registry.npmjs.org/brace-expansion/-/brace-expansion-1.1.11.tgz",
      "integrity": "sha512-iCuPHDFgrHX7H2vEI/5xpz07zSHB00TpugqhmYtVmMO6518mCuRMoOYFldEBl0g187ufozdaHgWKcYFb61qGiA==",
      "dependencies": {
        "balanced-match": "^1.0.0",
        "concat-map": "0.0.1"
      }
    },
    "node_modules/cjson": {
      "version": "0.2.1",
      "resolved": "https://registry.npmjs.org/cjson/-/cjson-0.2.1.tgz",
      "integrity": "sha512-Yche6o3bxUlXx6vGDjDwcWU3cSLGyRxGQpDk/FNHKDt02c715rBvuPLBfP1/+U+quWm/lU4F8N5sZbRCxpsrIg==",
      "engines": {
        "node": ">= 0.3.0"
      }
    },
    "node_modules/coa": {
      "version": "1.0.4",
      "resolved": "https://registry.npmjs.org/coa/-/coa-1.0.4.tgz",
      "integrity": "sha512-KAGck/eNAmCL0dcT3BiuYwLbExK6lduR8DxM3C1TyDzaXhZHyZ8ooX5I5+na2e3dPFuibfxrGdorr0/Lr7RYCQ==",
      "dependencies": {
        "q": "^1.1.2"
      },
      "engines": {
        "node": ">= 0.8.0"
      }
    },
    "node_modules/colors": {
      "version": "0.5.1",
      "resolved": "https://registry.npmjs.org/colors/-/colors-0.5.1.tgz",
      "integrity": "sha512-XjsuUwpDeY98+yz959OlUK6m7mLBM+1MEG5oaenfuQnNnrQk1WvtcvFgN3FNDP3f2NmZ211t0mNEfSEN1h0eIg==",
      "engines": {
        "node": ">=0.1.90"
      }
    },
    "node_modules/concat-map": {
      "version": "0.0.1",
      "resolved": "https://registry.npmjs.org/concat-map/-/concat-map-0.0.1.tgz",
      "integrity": "sha512-/Srv4dswyQNBfohGpz9o6Yb3Gz3SrUDqBH5rTuhGR7ahtlbYKnVxw2bCFMRljaA7EXHaXZ8wsHdodFvbkhKmqg=="
    },
    "node_modules/ebnf-parser": {
      "version": "0.1.10",
      "resolved": "https://registry.npmjs.org/ebnf-parser/-/ebnf-parser-0.1.10.tgz",
      "integrity": "sha512-urvSxVQ6XJcoTpc+/x2pWhhuOX4aljCNQpwzw+ifZvV1andZkAmiJc3Rq1oGEAQmcjiLceyMXOy1l8ms8qs2fQ=="
    },
    "node_modules/es6-object-assign": {
      "version": "1.1.0",
      "resolved": "https://registry.npmjs.org/es6-object-assign/-/es6-object-assign-1.1.0.tgz",
      "integrity": "sha512-MEl9uirslVwqQU369iHNWZXsI8yaZYGg/D65aOgZkeyFJwHYSxilf7rQzXKI7DdDuBPrBXbfk3sl9hJhmd5AUw=="
    },
    "node_modules/escodegen": {
      "version": "0.0.21",
      "resolved": "https://registry.npmjs.org/escodegen/-/escodegen-0.0.21.tgz",
      "integrity": "sha512-BQL5g+BqyrM5HRAKt4Q4YuH9CqiEcIHWSJ8fg2PRNkGkXn/LgzeDCZzDDSX4UiljSAHgXaHgOZREQ2xOigbLzA==",
      "dependencies": {
        "esprima": "~1.0.2",
        "estraverse": "~0.0.4"
      },
      "bin": {
        "escodegen": "bin/escodegen.js",
        "esgenerate": "bin/esgenerate.js"
      },
      "engines": {
        "node": ">=0.4.0"
      },
      "optionalDependencies": {
        "source-map": ">= 0.1.2"
      }
    },
    "node_modules/escodegen/node_modules/esprima": {
      "version": "1.0.4",
      "resolved": "https://registry.npmjs.org/esprima/-/esprima-1.0.4.tgz",
      "integrity": "sha512-rp5dMKN8zEs9dfi9g0X1ClLmV//WRyk/R15mppFNICIFRG5P92VP7Z04p8pk++gABo9W2tY+kHyu6P1mEHgmTA==",
      "bin": {
        "esparse": "bin/esparse.js",
        "esvalidate": "bin/esvalidate.js"
      },
      "engines": {
        "node": ">=0.4.0"
      }
    },
    "node_modules/esprima": {
      "version": "1.2.2",
      "resolved": "https://registry.npmjs.org/esprima/-/esprima-1.2.2.tgz",
      "integrity": "sha512-+JpPZam9w5DuJ3Q67SqsMGtiHKENSMRVoxvArfJZK01/BfLEObtZ6orJa/MtoGNR/rfMgp5837T41PAmTwAv/A==",
      "bin": {
        "esparse": "bin/esparse.js",
        "esvalidate": "bin/esvalidate.js"
      },
      "engines": {
        "node": ">=0.4.0"
      }
    },
    "node_modules/estraverse": {
      "version": "0.0.4",
      "resolved": "https://registry.npmjs.org/estraverse/-/estraverse-0.0.4.tgz",
      "integrity": "sha512-21DfBCsFJGb3HZr0vEBH1Wk1tGSbbzA8I/xtSSoy/pRtupHv0OgBmObcNGXM3ec6/pOXTOOUYY9/5bfluzz0sw==",
      "engines": {
        "node": ">=0.4.0"
      }
    },
    "node_modules/fs.realpath": {
      "version": "1.0.0",
      "resolved": "https://registry.npmjs.org/fs.realpath/-/fs.realpath-1.0.0.tgz",
      "integrity": "sha512-OO0pH2lK6a0hZnAdau5ItzHPI6pUlvI7jMVnxUQRtw4owF2wk8lOSabtGDCTP4Ggrg2MbGnWO9X8K1t4+fGMDw=="
    },
    "node_modules/glob": {
      "version": "7.2.3",
      "resolved": "https://registry.npmjs.org/glob/-/glob-7.2.3.tgz",
      "integrity": "sha512-nFR0zLpU2YCaRxwoCJvL6UvCH2JFyFVIvwTLsIf21AuHlMskA1hhTdk+LlYJtOlYt9v6dvszD2BGRqBL+iQK9Q==",
      "dependencies": {
        "fs.realpath": "^1.0.0",
        "inflight": "^1.0.4",
        "inherits": "2",
        "minimatch": "^3.1.1",
        "once": "^1.3.0",
        "path-is-absolute": "^1.0.0"
      },
      "engines": {
        "node": "*"
      },
      "funding": {
        "url": "https://github.com/sponsors/isaacs"
      }
    },
    "node_modules/global-modules": {
      "version": "0.2.3",
      "resolved": "https://registry.npmjs.org/global-modules/-/global-modules-0.2.3.tgz",
      "integrity": "sha512-JeXuCbvYzYXcwE6acL9V2bAOeSIGl4dD+iwLY9iUx2VBJJ80R18HCn+JCwHM9Oegdfya3lEkGCdaRkSyc10hDA==",
      "dependencies": {
        "global-prefix": "^0.1.4",
        "is-windows": "^0.2.0"
      },
      "engines": {
        "node": ">=0.10.0"
      }
    },
    "node_modules/global-prefix": {
      "version": "0.1.5",
      "resolved": "https://registry.npmjs.org/global-prefix/-/global-prefix-0.1.5.tgz",
      "integrity": "sha512-gOPiyxcD9dJGCEArAhF4Hd0BAqvAe/JzERP7tYumE4yIkmIedPUVXcJFWbV3/p/ovIIvKjkrTk+f1UVkq7vvbw==",
      "dependencies": {
        "homedir-polyfill": "^1.0.0",
        "ini": "^1.3.4",
        "is-windows": "^0.2.0",
        "which": "^1.2.12"
      },
      "engines": {
        "node": ">=0.10.0"
      }
    },
    "node_modules/homedir-polyfill": {
      "version": "1.0.3",
      "resolved": "https://registry.npmjs.org/homedir-polyfill/-/homedir-polyfill-1.0.3.tgz",
      "integrity": "sha512-eSmmWE5bZTK2Nou4g0AI3zZ9rswp7GRKoKXS1BLUkvPviOqs4YTN1djQIqrXy9k5gEtdLPy86JjRwsNM9tnDcA==",
      "dependencies": {
        "parse-passwd": "^1.0.0"
      },
      "engines": {
        "node": ">=0.10.0"
      }
    },
    "node_modules/inflight": {
      "version": "1.0.6",
      "resolved": "https://registry.npmjs.org/inflight/-/inflight-1.0.6.tgz",
      "integrity": "sha512-k92I/b08q4wvFscXCLvqfsHCrjrF7yiXsQuIVvVE7N82W3+aqpzuUdBbfhWcy/FZR3/4IgflMgKLOsvPDrGCJA==",
      "dependencies": {
        "once": "^1.3.0",
        "wrappy": "1"
      }
    },
    "node_modules/inherits": {
      "version": "2.0.4",
      "resolved": "https://registry.npmjs.org/inherits/-/inherits-2.0.4.tgz",
      "integrity": "sha512-k/vGaX4/Yla3WzyMCvTQOXYeIHvqOKtnqBduzTHpzpQZzAskKMhZ2K+EnBiSM9zGSoIFeMpXKxa4dYeZIQqewQ=="
    },
    "node_modules/ini": {
      "version": "1.3.8",
      "resolved": "https://registry.npmjs.org/ini/-/ini-1.3.8.tgz",
      "integrity": "sha512-JV/yugV2uzW5iMRSiZAyDtQd+nxtUnjeLt0acNdw98kKLrvuRVyB80tsREOE7yvGVgalhZ6RNXCmEHkUKBKxew=="
    },
    "node_modules/is-extglob": {
      "version": "2.1.1",
      "resolved": "https://registry.npmjs.org/is-extglob/-/is-extglob-2.1.1.tgz",
      "integrity": "sha512-SbKbANkN603Vi4jEZv49LeVJMn4yGwsbzZworEoyEiutsN3nJYdbO36zfhGJ6QEDpOZIFkDtnq5JRxmvl3jsoQ==",
      "engines": {
        "node": ">=0.10.0"
      }
    },
    "node_modules/is-glob": {
      "version": "3.1.0",
      "resolved": "https://registry.npmjs.org/is-glob/-/is-glob-3.1.0.tgz",
      "integrity": "sha512-UFpDDrPgM6qpnFNI+rh/p3bUaq9hKLZN8bMUWzxmcnZVS3omf4IPK+BrewlnWjO1WmUsMYuSjKh4UJuV4+Lqmw==",
      "dependencies": {
        "is-extglob": "^2.1.0"
      },
      "engines": {
        "node": ">=0.10.0"
      }
    },
    "node_modules/is-windows": {
      "version": "0.2.0",
      "resolved": "https://registry.npmjs.org/is-windows/-/is-windows-0.2.0.tgz",
      "integrity": "sha512-n67eJYmXbniZB7RF4I/FTjK1s6RPOCTxhYrVYLRaCt3lF0mpWZPKr3T2LSZAqyjQsxR2qMmGYXXzK0YWwcPM1Q==",
      "engines": {
        "node": ">=0.10.0"
      }
    },
    "node_modules/isexe": {
      "version": "2.0.0",
      "resolved": "https://registry.npmjs.org/isexe/-/isexe-2.0.0.tgz",
      "integrity": "sha512-RHxMLp9lnKHGHRng9QFhRCMbYAcVpn69smSGcq3f36xjgVVWThj4qqLbTLlq7Ssj8B+fIQ1EuCEGI2lKsyQeIw=="
    },
    "node_modules/jison": {
      "version": "0.4.13",
      "resolved": "https://registry.npmjs.org/jison/-/jison-0.4.13.tgz",
      "integrity": "sha512-H/r8t7Ft4zuGyQZUI0Ai2rh6WAHJoAGG1kJhI1MGKfgFO2/mqnxr9JmYMU/LcC95+DxO2bGqVXv5LDRiv06eRA==",
      "dependencies": {
        "cjson": "~0.2.1",
        "ebnf-parser": "~0.1.9",
        "escodegen": "0.0.21",
        "esprima": "1.0.x",
        "jison-lex": "0.2.x",
        "JSONSelect": "0.4.0",
        "lex-parser": "~0.1.3",
        "nomnom": "1.5.2"
      },
      "bin": {
        "jison": "lib/cli.js"
      },
      "engines": {
        "node": ">=0.4"
      }
    },
    "node_modules/jison-lex": {
      "version": "0.2.1",
      "resolved": "https://registry.npmjs.org/jison-lex/-/jison-lex-0.2.1.tgz",
      "integrity": "sha512-WCNVPRxaTWdhwJAIrBsgkGT9n6H1yNR9Lfof5LUHaMul24ySrJ1SXbVPszZfs57jwXvASLWBpd0xpFEW2oIuVA==",
      "dependencies": {
        "lex-parser": "0.1.x",
        "nomnom": "1.5.2"
      },
      "bin": {
        "jison-lex": "cli.js"
      },
      "engines": {
        "node": ">=0.4"
      }
    },
    "node_modules/jison/node_modules/esprima": {
      "version": "1.0.4",
      "resolved": "https://registry.npmjs.org/esprima/-/esprima-1.0.4.tgz",
      "integrity": "sha512-rp5dMKN8zEs9dfi9g0X1ClLmV//WRyk/R15mppFNICIFRG5P92VP7Z04p8pk++gABo9W2tY+kHyu6P1mEHgmTA==",
      "bin": {
        "esparse": "bin/esparse.js",
        "esvalidate": "bin/esvalidate.js"
      },
      "engines": {
        "node": ">=0.4.0"
      }
    },
    "node_modules/jsonpath": {
      "version": "0.2.12",
      "resolved": "https://registry.npmjs.org/jsonpath/-/jsonpath-0.2.12.tgz",
      "integrity": "sha512-FnZhbj4Cr7/LNMIU8e9VWKMtrE/+/NMur/7maiW3uhAPI5qUcvf/hsR9zpjWBNzl2EkrW/NFyNUZ8V5sK7R/Fw==",
      "hasInstallScript": true,
      "dependencies": {
        "esprima": "1.2.2",
        "jison": "0.4.13",
        "static-eval": "0.2.3",
        "underscore": "1.7.0"
      }
    },
    "node_modules/JSONSelect": {
      "version": "0.4.0",
      "resolved": "https://registry.npmjs.org/JSONSelect/-/JSONSelect-0.4.0.tgz",
      "integrity": "sha512-VRLR3Su35MH+XV2lrvh9O7qWoug/TUyj9tLDjn9rtpUCNnILLrHjgd/tB0KrhugCxUpj3UqoLqfYb3fLJdIQQQ==",
      "engines": {
        "node": ">=0.4.7"
      }
    },
    "node_modules/lex-parser": {
      "version": "0.1.4",
      "resolved": "https://registry.npmjs.org/lex-parser/-/lex-parser-0.1.4.tgz",
      "integrity": "sha512-DuAEISsr1H4LOpmFLkyMc8YStiRWZCO8hMsoXAXSbgyfvs2WQhSt0+/FBv3ZU/JBFZMGcE+FWzEBSzwUU7U27w=="
    },
    "node_modules/lodash": {
      "version": "4.17.21",
      "resolved": "https://registry.npmjs.org/lodash/-/lodash-4.17.21.tgz",
      "integrity": "sha512-v2kDEe57lecTulaDIuNTPy3Ry4gLGJ6Z1O3vE1krgXZNrsQ+LFTGHVxVjcXPs17LhbZVGedAJv8XZ1tvj5FvSg=="
    },
    "node_modules/minimatch": {
      "version": "3.1.2",
      "resolved": "https://registry.npmjs.org/minimatch/-/minimatch-3.1.2.tgz",
      "integrity": "sha512-J7p63hRiAjw1NDEww1W7i37+ByIrOWO5XQQAzZ3VOcL0PNybwpfmV/N05zFAzwQ9USyEcX6t3UO+K5aqBQOIHw==",
      "dependencies": {
        "brace-expansion": "^1.1.7"
      },
      "engines": {
        "node": "*"
      }
    },
    "node_modules/minimist": {
      "version": "1.2.8",
      "resolved": "https://registry.npmjs.org/minimist/-/minimist-1.2.8.tgz",
      "integrity": "sha512-2yyAR8qBkN3YuheJanUpWC5U3bb5osDywNB8RzDVlDwDHbocAJveqqj1u8+SVD7jkWT4yvsHCpWqqWqAxb0zCA==",
      "funding": {
        "url": "https://github.com/sponsors/ljharb"
      }
    },
    "node_modules/mkdirp": {
      "version": "0.5.6",
      "resolved": "https://registry.npmjs.org/mkdirp/-/mkdirp-0.5.6.tgz",
      "integrity": "sha512-FP+p8RB8OWpF3YZBCrP5gtADmtXApB5AMLn+vdyA+PyxCjrCs00mjyUozssO33cwDeT3wNGdLxJ5M//YqtHAJw==",
      "dependencies": {
        "minimist": "^1.2.6"
      },
      "bin": {
        "mkdirp": "bin/cmd.js"
      }
    },
    "node_modules/node-eval": {
      "version": "1.1.1",
      "resolved": "https://registry.npmjs.org/node-eval/-/node-eval-1.1.1.tgz",
      "integrity": "sha512-bXlCTkee8GZCoULxbSpEXSPIu98paZDPTwNo4qk64HxfEs+RdlXzojFGpGhAxr7JyFiDGwTX6EFTDYMkIZiB+A==",
      "dependencies": {
        "path-is-absolute": "1.0.1"
      },
      "engines": {
        "node": ">= 0.10"
      }
    },
    "node_modules/nomnom": {
      "version": "1.5.2",
      "resolved": "https://registry.npmjs.org/nomnom/-/nomnom-1.5.2.tgz",
      "integrity": "sha512-fiVbT7BqxiQqjlR9U3FDGOSERFCKoXVCdxV2FwZuNN7/cmJ42iQx35nUFOAFDcyvemu9Adp+IlsCGlKQYLmBKw==",
      "deprecated": "Package no longer supported. Contact support@npmjs.com for more info.",
      "dependencies": {
        "colors": "0.5.x",
        "underscore": "1.1.x"
      },
      "engines": {
        "node": "*"
      }
    },
    "node_modules/nomnom/node_modules/underscore": {
      "version": "1.1.7",
      "resolved": "https://registry.npmjs.org/underscore/-/underscore-1.1.7.tgz",
      "integrity": "sha512-w4QtCHoLBXw1mjofIDoMyexaEdWGMedWNDhlWTtT1V1lCRqi65Pnoygkh6+WRdr+Bm8ldkBNkNeCsXGMlQS9HQ==",
      "engines": {
        "node": "*"
      }
    },
    "node_modules/once": {
      "version": "1.4.0",
      "resolved": "https://registry.npmjs.org/once/-/once-1.4.0.tgz",
      "integrity": "sha512-lNaJgI+2Q5URQBkccEKHTQOPaXdUxnZZElQTZY0MFUAuaEqe1E+Nyvgdz/aIyNi6Z9MzO5dv1H8n58/GELp3+w==",
      "dependencies": {
        "wrappy": "1"
      }
    },
    "node_modules/os-homedir": {
      "version": "1.0.2",
      "resolved": "https://registry.npmjs.org/os-homedir/-/os-homedir-1.0.2.tgz",
      "integrity": "sha512-B5JU3cabzk8c67mRRd3ECmROafjYMXbuzlwtqdM8IbS8ktlTix8aFGb2bAGKrSRIlnfKwovGUUr72JUPyOb6kQ==",
      "engines": {
        "node": ">=0.10.0"
      }
    },
    "node_modules/parse-passwd": {
      "version": "1.0.0",
      "resolved": "https://registry.npmjs.org/parse-passwd/-/parse-passwd-1.0.0.tgz",
      "integrity": "sha512-1Y1A//QUXEZK7YKz+rD9WydcE1+EuPr6ZBgKecAB8tmoW6UFv0NREVJe1p+jRxtThkcbbKkfwIbWJe/IeE6m2Q==",
      "engines": {
        "node": ">=0.10.0"
      }
    },
    "node_modules/path-is-absolute": {
      "version": "1.0.1",
      "resolved": "https://registry.npmjs.org/path-is-absolute/-/path-is-absolute-1.0.1.tgz",
      "integrity": "sha512-AVbw3UJ2e9bq64vSaS9Am0fje1Pa8pbGqTTsmXfaIiMpnr5DlDhfJOuLj9Sf95ZPVDAUerDfEk88MPmPe7UCQg==",
      "engines": {
        "node": ">=0.10.0"
      }
    },
    "node_modules/pinkie": {
      "version": "2.0.4",
      "resolved": "https://registry.npmjs.org/pinkie/-/pinkie-2.0.4.tgz",
      "integrity": "sha512-MnUuEycAemtSaeFSjXKW/aroV7akBbY+Sv+RkyqFjgAe73F+MR0TBWKBRDkmfWq/HiFmdavfZ1G7h4SPZXaCSg==",
      "engines": {
        "node": ">=0.10.0"
      }
    },
    "node_modules/pinkie-promise": {
      "version": "2.0.1",
      "resolved": "https://registry.npmjs.org/pinkie-promise/-/pinkie-promise-2.0.1.tgz",
      "integrity": "sha512-0Gni6D4UcLTbv9c57DfxDGdr41XfgUjqWZu492f0cIGr16zDU06BWP/RAEvOuo7CQ0CNjHaLlM59YJJFm3NWlw==",
      "dependencies": {
        "pinkie": "^2.0.0"
      },
      "engines": {
        "node": ">=0.10.0"
      }
    },
    "node_modules/q": {
      "version": "1.5.1",
      "resolved": "https://registry.npmjs.org/q/-/q-1.5.1.tgz",
      "integrity": "sha512-kV/CThkXo6xyFEZUugw/+pIOywXcDbFYgSct5cT3gqlbkBE1SJdwy6UQoZvodiWF/ckQLZyDE/Bu1M6gVu5lVw==",
      "engines": {
        "node": ">=0.6.0",
        "teleport": ">=0.2.0"
      }
    },
    "node_modules/source-map": {
      "version": "0.7.4",
      "resolved": "https://registry.npmjs.org/source-map/-/source-map-0.7.4.tgz",
      "integrity": "sha512-l3BikUxvPOcn5E74dZiq5BGsTb5yEwhaTSzccU6t4sDOH8NWJCstKO5QT2CvtFoK6F0saL7p9xHAqHOlCPJygA==",
      "optional": true,
      "engines": {
        "node": ">= 8"
      }
    },
    "node_modules/static-eval": {
      "version": "0.2.3",
      "resolved": "https://registry.npmjs.org/static-eval/-/static-eval-0.2.3.tgz",
      "integrity": "sha512-tAlLR3cdYw5GOEJfGqsL3YqwwldzljwqoOJ/jjFMmNRI9/iqve9RX4XE3vJs1KKsQ+ECT1u9o7a6NonewRl1lg==",
      "dependencies": {
        "escodegen": "~0.0.24"
      }
    },
    "node_modules/static-eval/node_modules/escodegen": {
      "version": "0.0.28",
      "resolved": "https://registry.npmjs.org/escodegen/-/escodegen-0.0.28.tgz",
      "integrity": "sha512-6ioQhg16lFs5c7XJlJFXIDxBjO4yRvXC9yK6dLNNGuhI3a/fJukHanPF6qtpjGDgAFzI8Wuq3PSIarWmaOq/5A==",
      "dependencies": {
        "esprima": "~1.0.2",
        "estraverse": "~1.3.0"
      },
      "bin": {
        "escodegen": "bin/escodegen.js",
        "esgenerate": "bin/esgenerate.js"
      },
      "engines": {
        "node": ">=0.4.0"
      },
      "optionalDependencies": {
        "source-map": ">= 0.1.2"
      }
    },
    "node_modules/static-eval/node_modules/esprima": {
      "version": "1.0.4",
      "resolved": "https://registry.npmjs.org/esprima/-/esprima-1.0.4.tgz",
      "integrity": "sha512-rp5dMKN8zEs9dfi9g0X1ClLmV//WRyk/R15mppFNICIFRG5P92VP7Z04p8pk++gABo9W2tY+kHyu6P1mEHgmTA==",
      "bin": {
        "esparse": "bin/esparse.js",
        "esvalidate": "bin/esvalidate.js"
      },
      "engines": {
        "node": ">=0.4.0"
      }
    },
    "node_modules/static-eval/node_modules/estraverse": {
      "version": "1.3.2",
      "resolved": "https://registry.npmjs.org/estraverse/-/estraverse-1.3.2.tgz",
      "integrity": "sha512-OkbCPVUu8D9tbsLcUR+CKFRBbhZlogmkbWaP3BPERlkqzWL5Q6IdTz6eUk+b5cid2MTaCqJb2nNRGoJ8TpfPrg==",
      "engines": {
        "node": ">=0.4.0"
      }
    },
    "node_modules/underscore": {
      "version": "1.7.0",
      "resolved": "https://registry.npmjs.org/underscore/-/underscore-1.7.0.tgz",
      "integrity": "sha512-cp0oQQyZhUM1kpJDLdGO1jPZHgS/MpzoWYfe9+CM2h/QGDZlqwT2T3YGukuBdaNJ/CAPoeyAZRRHz8JFo176vA=="
    },
    "node_modules/uniq": {
      "version": "1.0.1",
      "resolved": "https://registry.npmjs.org/uniq/-/uniq-1.0.1.tgz",
      "integrity": "sha512-Gw+zz50YNKPDKXs+9d+aKAjVwpjNwqzvNpLigIruT4HA9lMZNdMqs9x07kKHB/L9WRzqp4+DlTU5s4wG2esdoA=="
    },
    "node_modules/which": {
      "version": "1.3.1",
      "resolved": "https://registry.npmjs.org/which/-/which-1.3.1.tgz",
      "integrity": "sha512-HxJdYWq1MTIQbJ3nw0cqssHoTNU267KlrDuGZ1WYlxDStUtKUhOaJmh112/TZmHxxUfuJqPXSOm7tDyas0OSIQ==",
      "dependencies": {
        "isexe": "^2.0.0"
      },
      "bin": {
        "which": "bin/which"
      }
    },
    "node_modules/wrappy": {
      "version": "1.0.2",
      "resolved": "https://registry.npmjs.org/wrappy/-/wrappy-1.0.2.tgz",
      "integrity": "sha512-l4Sp/DRseor9wL6EvV2+TuQn63dMkPjZ/sp9XkghTEbV9KlPS1xUsZ3u7/IQO4wxtcFB4bgpQPRcR3QCvezPcQ=="
    }
  }
}
